// !$*UTF8*$!
{
	archiveVersion = 1;
	classes = {
	};
	objectVersion = 46;
	objects = {

/* Begin PBXBuildFile section */
		2DC4FFBC1BD08E9B00B33E9B /* main.m in Sources */ = {isa = PBXBuildFile; fileRef = 2DC4FFBB1BD08E9B00B33E9B /* main.m */; };
		2DC4FFBF1BD08E9B00B33E9B /* AppDelegate.m in Sources */ = {isa = PBXBuildFile; fileRef = 2DC4FFBE1BD08E9B00B33E9B /* AppDelegate.m */; };
		2DC4FFC21BD08E9B00B33E9B /* ViewController.m in Sources */ = {isa = PBXBuildFile; fileRef = 2DC4FFC11BD08E9B00B33E9B /* ViewController.m */; };
		2DC4FFC51BD08E9B00B33E9B /* Main.storyboard in Resources */ = {isa = PBXBuildFile; fileRef = 2DC4FFC31BD08E9B00B33E9B /* Main.storyboard */; };
		2DC4FFC71BD08E9B00B33E9B /* Assets.xcassets in Resources */ = {isa = PBXBuildFile; fileRef = 2DC4FFC61BD08E9B00B33E9B /* Assets.xcassets */; };
		2DC4FFCA1BD08E9B00B33E9B /* LaunchScreen.storyboard in Resources */ = {isa = PBXBuildFile; fileRef = 2DC4FFC81BD08E9B00B33E9B /* LaunchScreen.storyboard */; };
		2DC4FFD51BD08E9B00B33E9B /* ____Tests.m in Sources */ = {isa = PBXBuildFile; fileRef = 2DC4FFD41BD08E9B00B33E9B /* ____Tests.m */; };
		2DC4FFE01BD08E9B00B33E9B /* ____UITests.m in Sources */ = {isa = PBXBuildFile; fileRef = 2DC4FFDF1BD08E9B00B33E9B /* ____UITests.m */; };
/* End PBXBuildFile section */

/* Begin PBXContainerItemProxy section */
		2DC4FFD11BD08E9B00B33E9B /* PBXContainerItemProxy */ = {
			isa = PBXContainerItemProxy;
			containerPortal = 2DC4FFAF1BD08E9B00B33E9B /* Project object */;
			proxyType = 1;
			remoteGlobalIDString = 2DC4FFB61BD08E9B00B33E9B;
			remoteInfo = "对象关联";
		};
		2DC4FFDC1BD08E9B00B33E9B /* PBXContainerItemProxy */ = {
			isa = PBXContainerItemProxy;
			containerPortal = 2DC4FFAF1BD08E9B00B33E9B /* Project object */;
			proxyType = 1;
			remoteGlobalIDString = 2DC4FFB61BD08E9B00B33E9B;
			remoteInfo = "对象关联";
		};
/* End PBXContainerItemProxy section */

/* Begin PBXFileReference section */
		2DC4FFB71BD08E9B00B33E9B /* 对象关联.app */ = {isa = PBXFileReference; explicitFileType = wrapper.application; includeInIndex = 0; path = "对象关联.app"; sourceTree = BUILT_PRODUCTS_DIR; };
		2DC4FFBB1BD08E9B00B33E9B /* main.m */ = {isa = PBXFileReference; lastKnownFileType = sourcecode.c.objc; path = main.m; sourceTree = "<group>"; };
		2DC4FFBD1BD08E9B00B33E9B /* AppDelegate.h */ = {isa = PBXFileReference; lastKnownFileType = sourcecode.c.h; path = AppDelegate.h; sourceTree = "<group>"; };
		2DC4FFBE1BD08E9B00B33E9B /* AppDelegate.m */ = {isa = PBXFileReference; lastKnownFileType = sourcecode.c.objc; path = AppDelegate.m; sourceTree = "<group>"; };
		2DC4FFC01BD08E9B00B33E9B /* ViewController.h */ = {isa = PBXFileReference; lastKnownFileType = sourcecode.c.h; path = ViewController.h; sourceTree = "<group>"; };
		2DC4FFC11BD08E9B00B33E9B /* ViewController.m */ = {isa = PBXFileReference; lastKnownFileType = sourcecode.c.objc; path = ViewController.m; sourceTree = "<group>"; };
		2DC4FFC41BD08E9B00B33E9B /* Base */ = {isa = PBXFileReference; lastKnownFileType = file.storyboard; name = Base; path = Base.lproj/Main.storyboard; sourceTree = "<group>"; };
		2DC4FFC61BD08E9B00B33E9B /* Assets.xcassets */ = {isa = PBXFileReference; lastKnownFileType = folder.assetcatalog; path = Assets.xcassets; sourceTree = "<group>"; };
		2DC4FFC91BD08E9B00B33E9B /* Base */ = {isa = PBXFileReference; lastKnownFileType = file.storyboard; name = Base; path = Base.lproj/LaunchScreen.storyboard; sourceTree = "<group>"; };
		2DC4FFCB1BD08E9B00B33E9B /* Info.plist */ = {isa = PBXFileReference; lastKnownFileType = text.plist.xml; path = Info.plist; sourceTree = "<group>"; };
		2DC4FFD01BD08E9B00B33E9B /* 对象关联Tests.xctest */ = {isa = PBXFileReference; explicitFileType = wrapper.cfbundle; includeInIndex = 0; path = "对象关联Tests.xctest"; sourceTree = BUILT_PRODUCTS_DIR; };
		2DC4FFD41BD08E9B00B33E9B /* ____Tests.m */ = {isa = PBXFileReference; lastKnownFileType = sourcecode.c.objc; path = "____Tests.m"; sourceTree = "<group>"; };
		2DC4FFD61BD08E9B00B33E9B /* Info.plist */ = {isa = PBXFileReference; lastKnownFileType = text.plist.xml; path = Info.plist; sourceTree = "<group>"; };
		2DC4FFDB1BD08E9B00B33E9B /* 对象关联UITests.xctest */ = {isa = PBXFileReference; explicitFileType = wrapper.cfbundle; includeInIndex = 0; path = "对象关联UITests.xctest"; sourceTree = BUILT_PRODUCTS_DIR; };
		2DC4FFDF1BD08E9B00B33E9B /* ____UITests.m */ = {isa = PBXFileReference; lastKnownFileType = sourcecode.c.objc; path = "____UITests.m"; sourceTree = "<group>"; };
		2DC4FFE11BD08E9B00B33E9B /* Info.plist */ = {isa = PBXFileReference; lastKnownFileType = text.plist.xml; path = Info.plist; sourceTree = "<group>"; };
/* End PBXFileReference section */

/* Begin PBXFrameworksBuildPhase section */
		2DC4FFB41BD08E9B00B33E9B /* Frameworks */ = {
			isa = PBXFrameworksBuildPhase;
			buildActionMask = 2147483647;
			files = (
			);
			runOnlyForDeploymentPostprocessing = 0;
		};
		2DC4FFCD1BD08E9B00B33E9B /* Frameworks */ = {
			isa = PBXFrameworksBuildPhase;
			buildActionMask = 2147483647;
			files = (
			);
			runOnlyForDeploymentPostprocessing = 0;
		};
		2DC4FFD81BD08E9B00B33E9B /* Frameworks */ = {
			isa = PBXFrameworksBuildPhase;
			buildActionMask = 2147483647;
			files = (
			);
			runOnlyForDeploymentPostprocessing = 0;
		};
/* End PBXFrameworksBuildPhase section */

/* Begin PBXGroup section */
		2DC4FFAE1BD08E9B00B33E9B = {
			isa = PBXGroup;
			children = (
				2DC4FFB91BD08E9B00B33E9B /* 对象关联 */,
				2DC4FFD31BD08E9B00B33E9B /* 对象关联Tests */,
				2DC4FFDE1BD08E9B00B33E9B /* 对象关联UITests */,
				2DC4FFB81BD08E9B00B33E9B /* Products */,
			);
			sourceTree = "<group>";
		};
		2DC4FFB81BD08E9B00B33E9B /* Products */ = {
			isa = PBXGroup;
			children = (
				2DC4FFB71BD08E9B00B33E9B /* 对象关联.app */,
				2DC4FFD01BD08E9B00B33E9B /* 对象关联Tests.xctest */,
				2DC4FFDB1BD08E9B00B33E9B /* 对象关联UITests.xctest */,
			);
			name = Products;
			sourceTree = "<group>";
		};
		2DC4FFB91BD08E9B00B33E9B /* 对象关联 */ = {
			isa = PBXGroup;
			children = (
				2DC4FFBD1BD08E9B00B33E9B /* AppDelegate.h */,
				2DC4FFBE1BD08E9B00B33E9B /* AppDelegate.m */,
				2DC4FFC01BD08E9B00B33E9B /* ViewController.h */,
				2DC4FFC11BD08E9B00B33E9B /* ViewController.m */,
				2DC4FFC31BD08E9B00B33E9B /* Main.storyboard */,
				2DC4FFC61BD08E9B00B33E9B /* Assets.xcassets */,
				2DC4FFC81BD08E9B00B33E9B /* LaunchScreen.storyboard */,
				2DC4FFCB1BD08E9B00B33E9B /* Info.plist */,
				2DC4FFBA1BD08E9B00B33E9B /* Supporting Files */,
			);
			path = "对象关联";
			sourceTree = "<group>";
		};
		2DC4FFBA1BD08E9B00B33E9B /* Supporting Files */ = {
			isa = PBXGroup;
			children = (
				2DC4FFBB1BD08E9B00B33E9B /* main.m */,
			);
			name = "Supporting Files";
			sourceTree = "<group>";
		};
		2DC4FFD31BD08E9B00B33E9B /* 对象关联Tests */ = {
			isa = PBXGroup;
			children = (
				2DC4FFD41BD08E9B00B33E9B /* ____Tests.m */,
				2DC4FFD61BD08E9B00B33E9B /* Info.plist */,
			);
			path = "对象关联Tests";
			sourceTree = "<group>";
		};
		2DC4FFDE1BD08E9B00B33E9B /* 对象关联UITests */ = {
			isa = PBXGroup;
			children = (
				2DC4FFDF1BD08E9B00B33E9B /* ____UITests.m */,
				2DC4FFE11BD08E9B00B33E9B /* Info.plist */,
			);
			path = "对象关联UITests";
			sourceTree = "<group>";
		};
/* End PBXGroup section */

/* Begin PBXNativeTarget section */
		2DC4FFB61BD08E9B00B33E9B /* 对象关联 */ = {
			isa = PBXNativeTarget;
			buildConfigurationList = 2DC4FFE41BD08E9B00B33E9B /* Build configuration list for PBXNativeTarget "对象关联" */;
			buildPhases = (
				2DC4FFB31BD08E9B00B33E9B /* Sources */,
				2DC4FFB41BD08E9B00B33E9B /* Frameworks */,
				2DC4FFB51BD08E9B00B33E9B /* Resources */,
			);
			buildRules = (
			);
			dependencies = (
			);
			name = "对象关联";
			productName = "对象关联";
			productReference = 2DC4FFB71BD08E9B00B33E9B /* 对象关联.app */;
			productType = "com.apple.product-type.application";
		};
		2DC4FFCF1BD08E9B00B33E9B /* 对象关联Tests */ = {
			isa = PBXNativeTarget;
			buildConfigurationList = 2DC4FFE71BD08E9B00B33E9B /* Build configuration list for PBXNativeTarget "对象关联Tests" */;
			buildPhases = (
				2DC4FFCC1BD08E9B00B33E9B /* Sources */,
				2DC4FFCD1BD08E9B00B33E9B /* Frameworks */,
				2DC4FFCE1BD08E9B00B33E9B /* Resources */,
			);
			buildRules = (
			);
			dependencies = (
				2DC4FFD21BD08E9B00B33E9B /* PBXTargetDependency */,
			);
			name = "对象关联Tests";
			productName = "对象关联Tests";
			productReference = 2DC4FFD01BD08E9B00B33E9B /* 对象关联Tests.xctest */;
			productType = "com.apple.product-type.bundle.unit-test";
		};
		2DC4FFDA1BD08E9B00B33E9B /* 对象关联UITests */ = {
			isa = PBXNativeTarget;
			buildConfigurationList = 2DC4FFEA1BD08E9B00B33E9B /* Build configuration list for PBXNativeTarget "对象关联UITests" */;
			buildPhases = (
				2DC4FFD71BD08E9B00B33E9B /* Sources */,
				2DC4FFD81BD08E9B00B33E9B /* Frameworks */,
				2DC4FFD91BD08E9B00B33E9B /* Resources */,
			);
			buildRules = (
			);
			dependencies = (
				2DC4FFDD1BD08E9B00B33E9B /* PBXTargetDependency */,
			);
			name = "对象关联UITests";
			productName = "对象关联UITests";
			productReference = 2DC4FFDB1BD08E9B00B33E9B /* 对象关联UITests.xctest */;
			productType = "com.apple.product-type.bundle.ui-testing";
		};
/* End PBXNativeTarget section */

/* Begin PBXProject section */
		2DC4FFAF1BD08E9B00B33E9B /* Project object */ = {
			isa = PBXProject;
			attributes = {
				LastUpgradeCheck = 0700;
				ORGANIZATIONNAME = yangyao;
				TargetAttributes = {
					2DC4FFB61BD08E9B00B33E9B = {
						CreatedOnToolsVersion = 7.0;
					};
					2DC4FFCF1BD08E9B00B33E9B = {
						CreatedOnToolsVersion = 7.0;
						TestTargetID = 2DC4FFB61BD08E9B00B33E9B;
					};
					2DC4FFDA1BD08E9B00B33E9B = {
						CreatedOnToolsVersion = 7.0;
						TestTargetID = 2DC4FFB61BD08E9B00B33E9B;
					};
				};
			};
			buildConfigurationList = 2DC4FFB21BD08E9B00B33E9B /* Build configuration list for PBXProject "对象关联" */;
			compatibilityVersion = "Xcode 3.2";
			developmentRegion = English;
			hasScannedForEncodings = 0;
			knownRegions = (
				en,
				Base,
			);
			mainGroup = 2DC4FFAE1BD08E9B00B33E9B;
			productRefGroup = 2DC4FFB81BD08E9B00B33E9B /* Products */;
			projectDirPath = "";
			projectRoot = "";
			targets = (
				2DC4FFB61BD08E9B00B33E9B /* 对象关联 */,
				2DC4FFCF1BD08E9B00B33E9B /* 对象关联Tests */,
				2DC4FFDA1BD08E9B00B33E9B /* 对象关联UITests */,
			);
		};
/* End PBXProject section */

/* Begin PBXResourcesBuildPhase section */
		2DC4FFB51BD08E9B00B33E9B /* Resources */ = {
			isa = PBXResourcesBuildPhase;
			buildActionMask = 2147483647;
			files = (
				2DC4FFCA1BD08E9B00B33E9B /* LaunchScreen.storyboard in Resources */,
				2DC4FFC71BD08E9B00B33E9B /* Assets.xcassets in Resources */,
				2DC4FFC51BD08E9B00B33E9B /* Main.storyboard in Resources */,
			);
			runOnlyForDeploymentPostprocessing = 0;
		};
		2DC4FFCE1BD08E9B00B33E9B /* Resources */ = {
			isa = PBXResourcesBuildPhase;
			buildActionMask = 2147483647;
			files = (
			);
			runOnlyForDeploymentPostprocessing = 0;
		};
		2DC4FFD91BD08E9B00B33E9B /* Resources */ = {
			isa = PBXResourcesBuildPhase;
			buildActionMask = 2147483647;
			files = (
			);
			runOnlyForDeploymentPostprocessing = 0;
		};
/* End PBXResourcesBuildPhase section */

/* Begin PBXSourcesBuildPhase section */
		2DC4FFB31BD08E9B00B33E9B /* Sources */ = {
			isa = PBXSourcesBuildPhase;
			buildActionMask = 2147483647;
			files = (
				2DC4FFC21BD08E9B00B33E9B /* ViewController.m in Sources */,
				2DC4FFBF1BD08E9B00B33E9B /* AppDelegate.m in Sources */,
				2DC4FFBC1BD08E9B00B33E9B /* main.m in Sources */,
			);
			runOnlyForDeploymentPostprocessing = 0;
		};
		2DC4FFCC1BD08E9B00B33E9B /* Sources */ = {
			isa = PBXSourcesBuildPhase;
			buildActionMask = 2147483647;
			files = (
				2DC4FFD51BD08E9B00B33E9B /* ____Tests.m in Sources */,
			);
			runOnlyForDeploymentPostprocessing = 0;
		};
		2DC4FFD71BD08E9B00B33E9B /* Sources */ = {
			isa = PBXSourcesBuildPhase;
			buildActionMask = 2147483647;
			files = (
				2DC4FFE01BD08E9B00B33E9B /* ____UITests.m in Sources */,
			);
			runOnlyForDeploymentPostprocessing = 0;
		};
/* End PBXSourcesBuildPhase section */

/* Begin PBXTargetDependency section */
		2DC4FFD21BD08E9B00B33E9B /* PBXTargetDependency */ = {
			isa = PBXTargetDependency;
			target = 2DC4FFB61BD08E9B00B33E9B /* 对象关联 */;
			targetProxy = 2DC4FFD11BD08E9B00B33E9B /* PBXContainerItemProxy */;
		};
		2DC4FFDD1BD08E9B00B33E9B /* PBXTargetDependency */ = {
			isa = PBXTargetDependency;
			target = 2DC4FFB61BD08E9B00B33E9B /* 对象关联 */;
			targetProxy = 2DC4FFDC1BD08E9B00B33E9B /* PBXContainerItemProxy */;
		};
/* End PBXTargetDependency section */

/* Begin PBXVariantGroup section */
		2DC4FFC31BD08E9B00B33E9B /* Main.storyboard */ = {
			isa = PBXVariantGroup;
			children = (
				2DC4FFC41BD08E9B00B33E9B /* Base */,
			);
			name = Main.storyboard;
			sourceTree = "<group>";
		};
		2DC4FFC81BD08E9B00B33E9B /* LaunchScreen.storyboard */ = {
			isa = PBXVariantGroup;
			children = (
				2DC4FFC91BD08E9B00B33E9B /* Base */,
			);
			name = LaunchScreen.storyboard;
			sourceTree = "<group>";
		};
/* End PBXVariantGroup section */

/* Begin XCBuildConfiguration section */
		2DC4FFE21BD08E9B00B33E9B /* Debug */ = {
			isa = XCBuildConfiguration;
			buildSettings = {
				ALWAYS_SEARCH_USER_PATHS = NO;
				CLANG_CXX_LANGUAGE_STANDARD = "gnu++0x";
				CLANG_CXX_LIBRARY = "libc++";
				CLANG_ENABLE_MODULES = YES;
				CLANG_ENABLE_OBJC_ARC = YES;
				CLANG_WARN_BOOL_CONVERSION = YES;
				CLANG_WARN_CONSTANT_CONVERSION = YES;
				CLANG_WARN_DIRECT_OBJC_ISA_USAGE = YES_ERROR;
				CLANG_WARN_EMPTY_BODY = YES;
				CLANG_WARN_ENUM_CONVERSION = YES;
				CLANG_WARN_INT_CONVERSION = YES;
				CLANG_WARN_OBJC_ROOT_CLASS = YES_ERROR;
				CLANG_WARN_UNREACHABLE_CODE = YES;
				CLANG_WARN__DUPLICATE_METHOD_MATCH = YES;
				"CODE_SIGN_IDENTITY[sdk=iphoneos*]" = "iPhone Developer";
				COPY_PHASE_STRIP = NO;
				DEBUG_INFORMATION_FORMAT = dwarf;
				ENABLE_STRICT_OBJC_MSGSEND = YES;
				ENABLE_TESTABILITY = YES;
				GCC_C_LANGUAGE_STANDARD = gnu99;
				GCC_DYNAMIC_NO_PIC = NO;
				GCC_NO_COMMON_BLOCKS = YES;
				GCC_OPTIMIZATION_LEVEL = 0;
				GCC_PREPROCESSOR_DEFINITIONS = (
					"DEBUG=1",
					"$(inherited)",
				);
				GCC_WARN_64_TO_32_BIT_CONVERSION = YES;
				GCC_WARN_ABOUT_RETURN_TYPE = YES_ERROR;
				GCC_WARN_UNDECLARED_SELECTOR = YES;
				GCC_WARN_UNINITIALIZED_AUTOS = YES_AGGRESSIVE;
				GCC_WARN_UNUSED_FUNCTION = YES;
				GCC_WARN_UNUSED_VARIABLE = YES;
				IPHONEOS_DEPLOYMENT_TARGET = 9.0;
				MTL_ENABLE_DEBUG_INFO = YES;
				ONLY_ACTIVE_ARCH = YES;
				SDKROOT = iphoneos;
			};
			name = Debug;
		};
		2DC4FFE31BD08E9B00B33E9B /* Release */ = {
			isa = XCBuildConfiguration;
			buildSettings = {
				ALWAYS_SEARCH_USER_PATHS = NO;
				CLANG_CXX_LANGUAGE_STANDARD = "gnu++0x";
				CLANG_CXX_LIBRARY = "libc++";
				CLANG_ENABLE_MODULES = YES;
				CLANG_ENABLE_OBJC_ARC = YES;
				CLANG_WARN_BOOL_CONVERSION = YES;
				CLANG_WARN_CONSTANT_CONVERSION = YES;
				CLANG_WARN_DIRECT_OBJC_ISA_USAGE = YES_ERROR;
				CLANG_WARN_EMPTY_BODY = YES;
				CLANG_WARN_ENUM_CONVERSION = YES;
				CLANG_WARN_INT_CONVERSION = YES;
				CLANG_WARN_OBJC_ROOT_CLASS = YES_ERROR;
				CLANG_WARN_UNREACHABLE_CODE = YES;
				CLANG_WARN__DUPLICATE_METHOD_MATCH = YES;
				"CODE_SIGN_IDENTITY[sdk=iphoneos*]" = "iPhone Developer";
				COPY_PHASE_STRIP = NO;
				DEBUG_INFORMATION_FORMAT = "dwarf-with-dsym";
				ENABLE_NS_ASSERTIONS = NO;
				ENABLE_STRICT_OBJC_MSGSEND = YES;
				GCC_C_LANGUAGE_STANDARD = gnu99;
				GCC_NO_COMMON_BLOCKS = YES;
				GCC_WARN_64_TO_32_BIT_CONVERSION = YES;
				GCC_WARN_ABOUT_RETURN_TYPE = YES_ERROR;
				GCC_WARN_UNDECLARED_SELECTOR = YES;
				GCC_WARN_UNINITIALIZED_AUTOS = YES_AGGRESSIVE;
				GCC_WARN_UNUSED_FUNCTION = YES;
				GCC_WARN_UNUSED_VARIABLE = YES;
				IPHONEOS_DEPLOYMENT_TARGET = 9.0;
				MTL_ENABLE_DEBUG_INFO = NO;
				SDKROOT = iphoneos;
				VALIDATE_PRODUCT = YES;
			};
			name = Release;
		};
		2DC4FFE51BD08E9B00B33E9B /* Debug */ = {
			isa = XCBuildConfiguration;
			buildSettings = {
				ASSETCATALOG_COMPILER_APPICON_NAME = AppIcon;
				INFOPLIST_FILE = "对象关联/Info.plist";
				LD_RUNPATH_SEARCH_PATHS = "$(inherited) @executable_path/Frameworks";
				PRODUCT_BUNDLE_IDENTIFIER = "com.wdkj.----";
				PRODUCT_NAME = "$(TARGET_NAME)";
			};
			name = Debug;
		};
		2DC4FFE61BD08E9B00B33E9B /* Release */ = {
			isa = XCBuildConfiguration;
			buildSettings = {
				ASSETCATALOG_COMPILER_APPICON_NAME = AppIcon;
				INFOPLIST_FILE = "对象关联/Info.plist";
				LD_RUNPATH_SEARCH_PATHS = "$(inherited) @executable_path/Frameworks";
				PRODUCT_BUNDLE_IDENTIFIER = "com.wdkj.----";
				PRODUCT_NAME = "$(TARGET_NAME)";
			};
			name = Release;
		};
		2DC4FFE81BD08E9B00B33E9B /* Debug */ = {
			isa = XCBuildConfiguration;
			buildSettings = {
				BUNDLE_LOADER = "$(TEST_HOST)";
				INFOPLIST_FILE = "对象关联Tests/Info.plist";
				LD_RUNPATH_SEARCH_PATHS = "$(inherited) @executable_path/Frameworks @loader_path/Frameworks";
				PRODUCT_BUNDLE_IDENTIFIER = "com.wdkj.----Tests";
				PRODUCT_NAME = "$(TARGET_NAME)";
				TEST_HOST = "$(BUILT_PRODUCTS_DIR)/对象关联.app/对象关联";
			};
			name = Debug;
		};
		2DC4FFE91BD08E9B00B33E9B /* Release */ = {
			isa = XCBuildConfiguration;
			buildSettings = {
				BUNDLE_LOADER = "$(TEST_HOST)";
				INFOPLIST_FILE = "对象关联Tests/Info.plist";
				LD_RUNPATH_SEARCH_PATHS = "$(inherited) @executable_path/Frameworks @loader_path/Frameworks";
				PRODUCT_BUNDLE_IDENTIFIER = "com.wdkj.----Tests";
				PRODUCT_NAME = "$(TARGET_NAME)";
				TEST_HOST = "$(BUILT_PRODUCTS_DIR)/对象关联.app/对象关联";
			};
			name = Release;
		};
		2DC4FFEB1BD08E9B00B33E9B /* Debug */ = {
			isa = XCBuildConfiguration;
			buildSettings = {
				INFOPLIST_FILE = "对象关联UITests/Info.plist";
				LD_RUNPATH_SEARCH_PATHS = "$(inherited) @executable_path/Frameworks @loader_path/Frameworks";
				PRODUCT_BUNDLE_IDENTIFIER = "com.wdkj.----UITests";
				PRODUCT_NAME = "$(TARGET_NAME)";
				TEST_TARGET_NAME = "对象关联";
				USES_XCTRUNNER = YES;
			};
			name = Debug;
		};
		2DC4FFEC1BD08E9B00B33E9B /* Release */ = {
			isa = XCBuildConfiguration;
			buildSettings = {
				INFOPLIST_FILE = "对象关联UITests/Info.plist";
				LD_RUNPATH_SEARCH_PATHS = "$(inherited) @executable_path/Frameworks @loader_path/Frameworks";
				PRODUCT_BUNDLE_IDENTIFIER = "com.wdkj.----UITests";
				PRODUCT_NAME = "$(TARGET_NAME)";
				TEST_TARGET_NAME = "对象关联";
				USES_XCTRUNNER = YES;
			};
			name = Release;
		};
/* End XCBuildConfiguration section */

/* Begin XCConfigurationList section */
		2DC4FFB21BD08E9B00B33E9B /* Build configuration list for PBXProject "对象关联" */ = {
			isa = XCConfigurationList;
			buildConfigurations = (
				2DC4FFE21BD08E9B00B33E9B /* Debug */,
				2DC4FFE31BD08E9B00B33E9B /* Release */,
			);
			defaultConfigurationIsVisible = 0;
			defaultConfigurationName = Release;
		};
		2DC4FFE41BD08E9B00B33E9B /* Build configuration list for PBXNativeTarget "对象关联" */ = {
			isa = XCConfigurationList;
			buildConfigurations = (
				2DC4FFE51BD08E9B00B33E9B /* Debug */,
				2DC4FFE61BD08E9B00B33E9B /* Release */,
			);
			defaultConfigurationIsVisible = 0;
		};
		2DC4FFE71BD08E9B00B33E9B /* Build configuration list for PBXNativeTarget "对象关联Tests" */ = {
			isa = XCConfigurationList;
			buildConfigurations = (
				2DC4FFE81BD08E9B00B33E9B /* Debug */,
				2DC4FFE91BD08E9B00B33E9B /* Release */,
			);
			defaultConfigurationIsVisible = 0;
		};
		2DC4FFEA1BD08E9B00B33E9B /* Build configuration list for PBXNativeTarget "对象关联UITests" */ = {
			isa = XCConfigurationList;
			buildConfigurations = (
				2DC4FFEB1BD08E9B00B33E9B /* Debug */,
				2DC4FFEC1BD08E9B00B33E9B /* Release */,
			);
			defaultConfigurationIsVisible = 0;
		};
/* End XCConfigurationList section */
	};
	rootObject = 2DC4FFAF1BD08E9B00B33E9B /* Project object */;
}
